
Microsoft Visual Studio Solution File, Format Version 12.00
# Visual Studio 2012
Project("{A0786B88-2ADB-4C21-ABE8-AA2D79766269}") = "Sudhir_Roy_GuestBook", "Sudhir_Roy_GuestBook\Sudhir_Roy_GuestBook.phpproj", "{34218B68-5F58-4280-973D-9B70E7D44483}"
EndProject
Global
	GlobalSection(SolutionConfigurationPlatforms) = preSolution
		Debug|Any CPU = Debug|Any CPU
		Release|Any CPU = Release|Any CPU
	EndGlobalSection
	GlobalSection(ProjectConfigurationPlatforms) = postSolution
		{34218B68-5F58-4280-973D-9B70E7D44483}.Debug|Any CPU.ActiveCfg = Debug|Any CPU
		{34218B68-5F58-4280-973D-9B70E7D44483}.Release|Any CPU.ActiveCfg = Release|Any CPU
	EndGlobalSection
	GlobalSection(SolutionProperties) = preSolution
		HideSolutionNode = FALSE
	EndGlobalSection
EndGlobal
